
Microsoft Visual Studio Solution File, Format Version 12.00
# Visual Studio 15
VisualStudioVersion = 15.0.26430.13
MinimumVisualStudioVersion = 10.0.40219.1
Project("{FAE04EC0-301F-11D3-BF4B-00C04F79EFBC}") = "SixNimmtCompanion.UI", "SixNimmtCompanion\SixNimmtCompanion.UI\SixNimmtCompanion.UI.csproj", "{43395A62-F1C7-4ACE-98A3-238CB501FFDE}"
EndProject
Project("{FAE04EC0-301F-11D3-BF4B-00C04F79EFBC}") = "SixNimmtCompanion.Data", "SixNimmtCompanion\SixNimmtCompanion.Data\SixNimmtCompanion.Data.csproj", "{764B4220-9E0A-4C67-AF41-94EACA44D1BB}"
EndProject
Global
	GlobalSection(SolutionConfigurationPlatforms) = preSolution
		Debug|Any CPU = Debug|Any CPU
		Debug|ARM = Debug|ARM
		Debug|x64 = Debug|x64
		Debug|x86 = Debug|x86
		Release|Any CPU = Release|Any CPU
		Release|ARM = Release|ARM
		Release|x64 = Release|x64
		Release|x86 = Release|x86
	EndGlobalSection
	GlobalSection(ProjectConfigurationPlatforms) = postSolution
		{43395A62-F1C7-4ACE-98A3-238CB501FFDE}.Debug|Any CPU.ActiveCfg = Debug|x86
		{43395A62-F1C7-4ACE-98A3-238CB501FFDE}.Debug|ARM.ActiveCfg = Debug|ARM
		{43395A62-F1C7-4ACE-98A3-238CB501FFDE}.Debug|ARM.Build.0 = Debug|ARM
		{43395A62-F1C7-4ACE-98A3-238CB501FFDE}.Debug|ARM.Deploy.0 = Debug|ARM
		{43395A62-F1C7-4ACE-98A3-238CB501FFDE}.Debug|x64.ActiveCfg = Debug|x64
		{43395A62-F1C7-4ACE-98A3-238CB501FFDE}.Debug|x64.Build.0 = Debug|x64
		{43395A62-F1C7-4ACE-98A3-238CB501FFDE}.Debug|x64.Deploy.0 = Debug|x64
		{43395A62-F1C7-4ACE-98A3-238CB501FFDE}.Debug|x86.ActiveCfg = Debug|x86
		{43395A62-F1C7-4ACE-98A3-238CB501FFDE}.Debug|x86.Build.0 = Debug|x86
		{43395A62-F1C7-4ACE-98A3-238CB501FFDE}.Debug|x86.Deploy.0 = Debug|x86
		{43395A62-F1C7-4ACE-98A3-238CB501FFDE}.Release|Any CPU.ActiveCfg = Release|x86
		{43395A62-F1C7-4ACE-98A3-238CB501FFDE}.Release|ARM.ActiveCfg = Release|ARM
		{43395A62-F1C7-4ACE-98A3-238CB501FFDE}.Release|ARM.Build.0 = Release|ARM
		{43395A62-F1C7-4ACE-98A3-238CB501FFDE}.Release|ARM.Deploy.0 = Release|ARM
		{43395A62-F1C7-4ACE-98A3-238CB501FFDE}.Release|x64.ActiveCfg = Release|x64
		{43395A62-F1C7-4ACE-98A3-238CB501FFDE}.Release|x64.Build.0 = Release|x64
		{43395A62-F1C7-4ACE-98A3-238CB501FFDE}.Release|x64.Deploy.0 = Release|x64
		{43395A62-F1C7-4ACE-98A3-238CB501FFDE}.Release|x86.ActiveCfg = Release|x86
		{43395A62-F1C7-4ACE-98A3-238CB501FFDE}.Release|x86.Build.0 = Release|x86
		{43395A62-F1C7-4ACE-98A3-238CB501FFDE}.Release|x86.Deploy.0 = Release|x86
		{764B4220-9E0A-4C67-AF41-94EACA44D1BB}.Debug|Any CPU.ActiveCfg = Debug|Any CPU
		{764B4220-9E0A-4C67-AF41-94EACA44D1BB}.Debug|Any CPU.Build.0 = Debug|Any CPU
		{764B4220-9E0A-4C67-AF41-94EACA44D1BB}.Debug|ARM.ActiveCfg = Debug|ARM
		{764B4220-9E0A-4C67-AF41-94EACA44D1BB}.Debug|ARM.Build.0 = Debug|ARM
		{764B4220-9E0A-4C67-AF41-94EACA44D1BB}.Debug|x64.ActiveCfg = Debug|x64
		{764B4220-9E0A-4C67-AF41-94EACA44D1BB}.Debug|x64.Build.0 = Debug|x64
		{764B4220-9E0A-4C67-AF41-94EACA44D1BB}.Debug|x86.ActiveCfg = Debug|x86
		{764B4220-9E0A-4C67-AF41-94EACA44D1BB}.Debug|x86.Build.0 = Debug|x86
		{764B4220-9E0A-4C67-AF41-94EACA44D1BB}.Release|Any CPU.ActiveCfg = Release|Any CPU
		{764B4220-9E0A-4C67-AF41-94EACA44D1BB}.Release|Any CPU.Build.0 = Release|Any CPU
		{764B4220-9E0A-4C67-AF41-94EACA44D1BB}.Release|ARM.ActiveCfg = Release|ARM
		{764B4220-9E0A-4C67-AF41-94EACA44D1BB}.Release|ARM.Build.0 = Release|ARM
		{764B4220-9E0A-4C67-AF41-94EACA44D1BB}.Release|x64.ActiveCfg = Release|x64
		{764B4220-9E0A-4C67-AF41-94EACA44D1BB}.Release|x64.Build.0 = Release|x64
		{764B4220-9E0A-4C67-AF41-94EACA44D1BB}.Release|x86.ActiveCfg = Release|x86
		{764B4220-9E0A-4C67-AF41-94EACA44D1BB}.Release|x86.Build.0 = Release|x86
	EndGlobalSection
	GlobalSection(SolutionProperties) = preSolution
		HideSolutionNode = FALSE
	EndGlobalSection
EndGlobal
